
Microsoft Visual Studio Solution File, Format Version 12.00
# Visual Studio 2012
Project("{FAE04EC0-301F-11D3-BF4B-00C04F79EFBC}") = "kegel-server", "kegel-server\kegel-server.csproj", "{7C29E3A6-08D8-4BC0-87B7-2E0F5328299E}"
EndProject
Global
	GlobalSection(SolutionConfigurationPlatforms) = preSolution
		Debug|Any CPU = Debug|Any CPU
		Release|Any CPU = Release|Any CPU
	EndGlobalSection
	GlobalSection(ProjectConfigurationPlatforms) = postSolution
		{7C29E3A6-08D8-4BC0-87B7-2E0F5328299E}.Debug|Any CPU.ActiveCfg = Debug|Any CPU
		{7C29E3A6-08D8-4BC0-87B7-2E0F5328299E}.Debug|Any CPU.Build.0 = Debug|Any CPU
		{7C29E3A6-08D8-4BC0-87B7-2E0F5328299E}.Release|Any CPU.ActiveCfg = Release|Any CPU
		{7C29E3A6-08D8-4BC0-87B7-2E0F5328299E}.Release|Any CPU.Build.0 = Release|Any CPU
	EndGlobalSection
	GlobalSection(SolutionProperties) = preSolution
		HideSolutionNode = FALSE
	EndGlobalSection
EndGlobal
